{
  "name": "admin-backend",
  "version": "1.0.0",
  "lockfileVersion": 1,
  "requires": true,
  "dependencies": {
    "arguments-extended": {
      "version": "0.0.3",
      "resolved": "https://registry.npmjs.org/arguments-extended/-/arguments-extended-0.0.3.tgz",
      "integrity": "sha1-YQfkkX0OtvCk3WYyD8Fa/HLvSUY=",
      "requires": {
        "extended": "~0.0.3",
        "is-extended": "~0.0.8"
      }
    },
    "array-extended": {
      "version": "0.0.11",
      "resolved": "https://registry.npmjs.org/array-extended/-/array-extended-0.0.11.tgz",
      "integrity": "sha1-1xRK50jek8pybxIQCdv/FibRZL0=",
      "requires": {
        "arguments-extended": "~0.0.3",
        "extended": "~0.0.3",
        "is-extended": "~0.0.3"
      }
    },
    "csv": {
      "version": "4.0.0",
      "resolved": "https://registry.npmjs.org/csv/-/csv-4.0.0.tgz",
      "integrity": "sha512-rj3+HMMIKskeiipg0VkFSx7o8FhrNSfIb1nLT6AkJ0gx7mdGU5JsJGv4tmk0vl1jV/h/TfWJOwh1tpbbhVqNKA==",
      "requires": {
        "csv-generate": "^2.2.2",
        "csv-parse": "^3.1.2",
        "csv-stringify": "^4.3.1",
        "stream-transform": "^1.0.7"
      }
    },
    "csv-generate": {
      "version": "2.2.2",
      "resolved": "https://registry.npmjs.org/csv-generate/-/csv-generate-2.2.2.tgz",
      "integrity": "sha512-ETG8JGG0xOt2f1JzxrAcQONVc4+7srUdXeyLnow60ntBr+qiNCFTqi+ME6g0vZ4hMCbrwNrDPJPOYVznAeDDHQ=="
    },
    "csv-parse": {
      "version": "3.1.2",
      "resolved": "https://registry.npmjs.org/csv-parse/-/csv-parse-3.1.2.tgz",
      "integrity": "sha512-NtcS4h3rLcwawpJJDRolYeuQW/2RvutpHpzbokbk5xMCNEDSyvAK3SmuCtd6tKOftKiMa2wn4viOU32A/5VDTQ=="
    },
    "csv-stringify": {
      "version": "4.3.1",
      "resolved": "https://registry.npmjs.org/csv-stringify/-/csv-stringify-4.3.1.tgz",
      "integrity": "sha512-VRjPYIUzex5kfbsOY7LaJcNE2qMWGQQAanb3/Vv85WbOgA+dAfDNfwntRvv335icJgGYrnTX403WxJxRVpLDFA==",
      "requires": {
        "lodash.get": "~4.4.2"
      }
    },
    "date-extended": {
      "version": "0.0.6",
      "resolved": "https://registry.npmjs.org/date-extended/-/date-extended-0.0.6.tgz",
      "integrity": "sha1-I4AtV90b94GIE/4MMuhRqG2iZ8k=",
      "requires": {
        "array-extended": "~0.0.3",
        "extended": "~0.0.3",
        "is-extended": "~0.0.3"
      }
    },
    "declare.js": {
      "version": "0.0.8",
      "resolved": "https://registry.npmjs.org/declare.js/-/declare.js-0.0.8.tgz",
      "integrity": "sha1-BHit/5VkwAT1Hfc9i8E0AZ0o3N4="
    },
    "extended": {
      "version": "0.0.6",
      "resolved": "https://registry.npmjs.org/extended/-/extended-0.0.6.tgz",
      "integrity": "sha1-f7i/e52uOXWG5IVwrP1kLHjlBmk=",
      "requires": {
        "extender": "~0.0.5"
      }
    },
    "extender": {
      "version": "0.0.10",
      "resolved": "https://registry.npmjs.org/extender/-/extender-0.0.10.tgz",
      "integrity": "sha1-WJwHSCvmGhRgttgfnCSqZ+jzJM0=",
      "requires": {
        "declare.js": "~0.0.4"
      }
    },
    "fast-csv": {
      "version": "2.4.1",
      "resolved": "https://registry.npmjs.org/fast-csv/-/fast-csv-2.4.1.tgz",
      "integrity": "sha1-vX3SaDkfcpNntZRFuN0K0CaIGyY=",
      "requires": {
        "extended": "0.0.6",
        "is-extended": "0.0.10",
        "object-extended": "0.0.7",
        "string-extended": "0.0.8"
      }
    },
    "is-extended": {
      "version": "0.0.10",
      "resolved": "https://registry.npmjs.org/is-extended/-/is-extended-0.0.10.tgz",
      "integrity": "sha1-JE4UDfdbscmjEG9BL/GC+1NKbWI=",
      "requires": {
        "extended": "~0.0.3"
      }
    },
    "lodash.get": {
      "version": "4.4.2",
      "resolved": "https://registry.npmjs.org/lodash.get/-/lodash.get-4.4.2.tgz",
      "integrity": "sha1-LRd/ZS+jHpObRDjVNBSZ36OCXpk="
    },
    "object-extended": {
      "version": "0.0.7",
      "resolved": "https://registry.npmjs.org/object-extended/-/object-extended-0.0.7.tgz",
      "integrity": "sha1-hP0j9WsVWCrrPoiwXLVdJDLWijM=",
      "requires": {
        "array-extended": "~0.0.4",
        "extended": "~0.0.3",
        "is-extended": "~0.0.3"
      }
    },
    "stream-transform": {
      "version": "1.0.7",
      "resolved": "https://registry.npmjs.org/stream-transform/-/stream-transform-1.0.7.tgz",
      "integrity": "sha512-bp27sM5lf75yOZAM0HfKgN7jub2FApKmXUVYnN/zuw4raqtinM3muxzd+ny262opnKvAg5PnMO66N4Eq928ayw=="
    },
    "string-extended": {
      "version": "0.0.8",
      "resolved": "https://registry.npmjs.org/string-extended/-/string-extended-0.0.8.tgz",
      "integrity": "sha1-dBlX3/SHsCcqee7FpE8jnubxfM0=",
      "requires": {
        "array-extended": "~0.0.5",
        "date-extended": "~0.0.3",
        "extended": "~0.0.3",
        "is-extended": "~0.0.3"
      }
    }
  }
}
